{
  "name": "youtube-parental-controls",
  "version": "0.1.0",
  "lockfileVersion": 3,
  "requires": true,
  "packages": {
    "": {
      "name": "youtube-parental-controls",
      "version": "0.1.0",
      "devDependencies": { "typescript": "5.9.2" }
    },
    "node_modules/typescript": {
      "version": "5.9.2",
      "resolved": "https://registry.npmjs.org/typescript/-/typescript-5.9.2.tgz",
      "dev": true,
      "bin": { "tsc": "bin/tsc", "tsserver": "bin/tsserver" },
      "engines": { "node": ">=14.17" }
    }
  }
}
